// !$*UTF8*$!
{
	archiveVersion = 1;
	classes = {
	};
	objectVersion = 45;
	objects = {

/* Begin PBXBuildFile section */
		1D3623260D0F684500981E51 /* ManPagesAppDelegate.m in Sources */ = {isa = PBXBuildFile; fileRef = 1D3623250D0F684500981E51 /* ManPagesAppDelegate.m */; };
		1D60589B0D05DD56006BFB54 /* main.m in Sources */ = {isa = PBXBuildFile; fileRef = 29B97316FDCFA39411CA2CEA /* main.m */; };
		1D60589F0D05DD5A006BFB54 /* Foundation.framework in Frameworks */ = {isa = PBXBuildFile; fileRef = 1D30AB110D05D00D00671497 /* Foundation.framework */; };
		1DF5F4E00D08C38300B7A737 /* UIKit.framework in Frameworks */ = {isa = PBXBuildFile; fileRef = 1DF5F4DF0D08C38300B7A737 /* UIKit.framework */; };
		2892E4100DC94CBA00A64D0F /* CoreGraphics.framework in Frameworks */ = {isa = PBXBuildFile; fileRef = 2892E40F0DC94CBA00A64D0F /* CoreGraphics.framework */; };
		2899E5600DE3E45000AC0155 /* SectionView.xib in Resources */ = {isa = PBXBuildFile; fileRef = 2899E55F0DE3E45000AC0155 /* SectionView.xib */; };
		28AD73600D9D9599002E5188 /* MainWindow.xib in Resources */ = {isa = PBXBuildFile; fileRef = 28AD735F0D9D9599002E5188 /* MainWindow.xib */; };
		9D02AC220FFAA9790052CAF8 /* Database.m in Sources */ = {isa = PBXBuildFile; fileRef = 9D02AC210FFAA9790052CAF8 /* Database.m */; };
		9D303CC310011058005A7829 /* BDO.m in Sources */ = {isa = PBXBuildFile; fileRef = 9D303CC210011058005A7829 /* BDO.m */; };
		9D303CCC100110C9005A7829 /* DatabaseHelper.m in Sources */ = {isa = PBXBuildFile; fileRef = 9D303CCB100110C9005A7829 /* DatabaseHelper.m */; };
		9D4CC6BB0FF285AB005A33D0 /* libsqlite3.dylib in Frameworks */ = {isa = PBXBuildFile; fileRef = 9D4CC6BA0FF285AB005A33D0 /* libsqlite3.dylib */; };
		9D5A8B480FF2982D009DD8EB /* Entry.m in Sources */ = {isa = PBXBuildFile; fileRef = 9D5A8B470FF2982D009DD8EB /* Entry.m */; };
		9D5A8B7A0FF299EB009DD8EB /* EntriesView.xib in Resources */ = {isa = PBXBuildFile; fileRef = 9D5A8B790FF299EB009DD8EB /* EntriesView.xib */; };
		9D5A8C4C0FF2A878009DD8EB /* EntryView.xib in Resources */ = {isa = PBXBuildFile; fileRef = 9D5A8C4A0FF2A878009DD8EB /* EntryView.xib */; };
		9D5A8C8A0FF2AF70009DD8EB /* icon.png in Resources */ = {isa = PBXBuildFile; fileRef = 9D5A8C890FF2AF70009DD8EB /* icon.png */; };
		9D5A8CC40FF2B7BD009DD8EB /* data.sqlite3 in Resources */ = {isa = PBXBuildFile; fileRef = 9D5A8CC30FF2B7BD009DD8EB /* data.sqlite3 */; };
		9D67FB4610011F1C00202F1F /* Section.m in Sources */ = {isa = PBXBuildFile; fileRef = 9DCB042410011E8200E7A984 /* Section.m */; };
		9D7A677D1005319C000E36DE /* EntryController.m in Sources */ = {isa = PBXBuildFile; fileRef = 9D7A67731005319C000E36DE /* EntryController.m */; };
		9D7A677F1005319C000E36DE /* OverlayViewController.m in Sources */ = {isa = PBXBuildFile; fileRef = 9D7A67761005319C000E36DE /* OverlayViewController.m */; };
		9D7A67801005319C000E36DE /* EntriesController.m in Sources */ = {isa = PBXBuildFile; fileRef = 9D7A67771005319C000E36DE /* EntriesController.m */; };
		9D7A67811005319C000E36DE /* SectionController.m in Sources */ = {isa = PBXBuildFile; fileRef = 9D7A677B1005319C000E36DE /* SectionController.m */; };
		9D995A8D1005233D007CFAA3 /* OverlayView.xib in Resources */ = {isa = PBXBuildFile; fileRef = 9D995A8C1005233D007CFAA3 /* OverlayView.xib */; };
		9DE374CF0FF957D600D81384 /* Default.png in Resources */ = {isa = PBXBuildFile; fileRef = 9DE374CE0FF957D600D81384 /* Default.png */; };
		9DE789211006CA5700610F85 /* SearchController.m in Sources */ = {isa = PBXBuildFile; fileRef = 9DE789201006CA5700610F85 /* SearchController.m */; };
		9DE967CD10028E3B00E4D8F3 /* Settings.bundle in Resources */ = {isa = PBXBuildFile; fileRef = 9DE967CC10028E3B00E4D8F3 /* Settings.bundle */; };
		9DE967E0100298DA00E4D8F3 /* Icon-Settings.png in Resources */ = {isa = PBXBuildFile; fileRef = 9DE967DF100298DA00E4D8F3 /* Icon-Settings.png */; };
/* End PBXBuildFile section */

/* Begin PBXFileReference section */
		1D30AB110D05D00D00671497 /* Foundation.framework */ = {isa = PBXFileReference; lastKnownFileType = wrapper.framework; name = Foundation.framework; path = System/Library/Frameworks/Foundation.framework; sourceTree = SDKROOT; };
		1D3623240D0F684500981E51 /* ManPagesAppDelegate.h */ = {isa = PBXFileReference; fileEncoding = 4; lastKnownFileType = sourcecode.c.h; path = ManPagesAppDelegate.h; sourceTree = "<group>"; };
		1D3623250D0F684500981E51 /* ManPagesAppDelegate.m */ = {isa = PBXFileReference; fileEncoding = 4; lastKnownFileType = sourcecode.c.objc; path = ManPagesAppDelegate.m; sourceTree = "<group>"; };
		1D6058910D05DD3D006BFB54 /* ManPages.app */ = {isa = PBXFileReference; explicitFileType = wrapper.application; includeInIndex = 0; path = ManPages.app; sourceTree = BUILT_PRODUCTS_DIR; };
		1DF5F4DF0D08C38300B7A737 /* UIKit.framework */ = {isa = PBXFileReference; lastKnownFileType = wrapper.framework; name = UIKit.framework; path = System/Library/Frameworks/UIKit.framework; sourceTree = SDKROOT; };
		2892E40F0DC94CBA00A64D0F /* CoreGraphics.framework */ = {isa = PBXFileReference; lastKnownFileType = wrapper.framework; name = CoreGraphics.framework; path = System/Library/Frameworks/CoreGraphics.framework; sourceTree = SDKROOT; };
		2899E55F0DE3E45000AC0155 /* SectionView.xib */ = {isa = PBXFileReference; lastKnownFileType = file.xib; path = SectionView.xib; sourceTree = "<group>"; };
		28A0AAE50D9B0CCF005BE974 /* ManPages_Prefix.pch */ = {isa = PBXFileReference; fileEncoding = 4; lastKnownFileType = sourcecode.c.h; path = ManPages_Prefix.pch; sourceTree = "<group>"; };
		28AD735F0D9D9599002E5188 /* MainWindow.xib */ = {isa = PBXFileReference; lastKnownFileType = file.xib; path = MainWindow.xib; sourceTree = "<group>"; };
		29B97316FDCFA39411CA2CEA /* main.m */ = {isa = PBXFileReference; fileEncoding = 4; lastKnownFileType = sourcecode.c.objc; path = main.m; sourceTree = "<group>"; };
		8D1107310486CEB800E47090 /* ManPages-Info.plist */ = {isa = PBXFileReference; fileEncoding = 4; lastKnownFileType = text.plist.xml; path = "ManPages-Info.plist"; plistStructureDefinitionIdentifier = "com.apple.xcode.plist.structure-definition.iphone.info-plist"; sourceTree = "<group>"; };
		9D02AC0E0FFAA7B40052CAF8 /* ActiveRecord.h */ = {isa = PBXFileReference; fileEncoding = 4; lastKnownFileType = sourcecode.c.h; path = ActiveRecord.h; sourceTree = "<group>"; };
		9D02AC200FFAA9790052CAF8 /* Database.h */ = {isa = PBXFileReference; fileEncoding = 4; lastKnownFileType = sourcecode.c.h; path = Database.h; sourceTree = "<group>"; };
		9D02AC210FFAA9790052CAF8 /* Database.m */ = {isa = PBXFileReference; fileEncoding = 4; lastKnownFileType = sourcecode.c.objc; path = Database.m; sourceTree = "<group>"; };
		9D303CC110011058005A7829 /* BDO.h */ = {isa = PBXFileReference; fileEncoding = 4; lastKnownFileType = sourcecode.c.h; path = BDO.h; sourceTree = "<group>"; };
		9D303CC210011058005A7829 /* BDO.m */ = {isa = PBXFileReference; fileEncoding = 4; lastKnownFileType = sourcecode.c.objc; path = BDO.m; sourceTree = "<group>"; };
		9D303CCA100110C9005A7829 /* DatabaseHelper.h */ = {isa = PBXFileReference; fileEncoding = 4; lastKnownFileType = sourcecode.c.h; path = DatabaseHelper.h; sourceTree = "<group>"; };
		9D303CCB100110C9005A7829 /* DatabaseHelper.m */ = {isa = PBXFileReference; fileEncoding = 4; lastKnownFileType = sourcecode.c.objc; path = DatabaseHelper.m; sourceTree = "<group>"; };
		9D4CC6BA0FF285AB005A33D0 /* libsqlite3.dylib */ = {isa = PBXFileReference; lastKnownFileType = "compiled.mach-o.dylib"; name = libsqlite3.dylib; path = usr/lib/libsqlite3.dylib; sourceTree = SDKROOT; };
		9D5A8B460FF2982D009DD8EB /* Entry.h */ = {isa = PBXFileReference; fileEncoding = 4; lastKnownFileType = sourcecode.c.h; path = Entry.h; sourceTree = "<group>"; };
		9D5A8B470FF2982D009DD8EB /* Entry.m */ = {isa = PBXFileReference; fileEncoding = 4; lastKnownFileType = sourcecode.c.objc; path = Entry.m; sourceTree = "<group>"; };
		9D5A8B790FF299EB009DD8EB /* EntriesView.xib */ = {isa = PBXFileReference; lastKnownFileType = file.xib; path = EntriesView.xib; sourceTree = "<group>"; };
		9D5A8C4A0FF2A878009DD8EB /* EntryView.xib */ = {isa = PBXFileReference; lastKnownFileType = file.xib; name = EntryView.xib; path = Classes/EntryView.xib; sourceTree = "<group>"; };
		9D5A8C890FF2AF70009DD8EB /* icon.png */ = {isa = PBXFileReference; lastKnownFileType = image.png; path = icon.png; sourceTree = "<group>"; };
		9D5A8CC30FF2B7BD009DD8EB /* data.sqlite3 */ = {isa = PBXFileReference; lastKnownFileType = file; path = data.sqlite3; sourceTree = "<group>"; };
		9D7A67731005319C000E36DE /* EntryController.m */ = {isa = PBXFileReference; fileEncoding = 4; lastKnownFileType = sourcecode.c.objc; path = EntryController.m; sourceTree = "<group>"; };
		9D7A67751005319C000E36DE /* EntryController.h */ = {isa = PBXFileReference; fileEncoding = 4; lastKnownFileType = sourcecode.c.h; path = EntryController.h; sourceTree = "<group>"; };
		9D7A67761005319C000E36DE /* OverlayViewController.m */ = {isa = PBXFileReference; fileEncoding = 4; lastKnownFileType = sourcecode.c.objc; path = OverlayViewController.m; sourceTree = "<group>"; };
		9D7A67771005319C000E36DE /* EntriesController.m */ = {isa = PBXFileReference; fileEncoding = 4; lastKnownFileType = sourcecode.c.objc; path = EntriesController.m; sourceTree = "<group>"; };
		9D7A67781005319C000E36DE /* OverlayViewController.h */ = {isa = PBXFileReference; fileEncoding = 4; lastKnownFileType = sourcecode.c.h; path = OverlayViewController.h; sourceTree = "<group>"; };
		9D7A67791005319C000E36DE /* EntriesController.h */ = {isa = PBXFileReference; fileEncoding = 4; lastKnownFileType = sourcecode.c.h; path = EntriesController.h; sourceTree = "<group>"; };
		9D7A677B1005319C000E36DE /* SectionController.m */ = {isa = PBXFileReference; fileEncoding = 4; lastKnownFileType = sourcecode.c.objc; path = SectionController.m; sourceTree = "<group>"; };
		9D7A677C1005319C000E36DE /* SectionController.h */ = {isa = PBXFileReference; fileEncoding = 4; lastKnownFileType = sourcecode.c.h; path = SectionController.h; sourceTree = "<group>"; };
		9D995A8C1005233D007CFAA3 /* OverlayView.xib */ = {isa = PBXFileReference; lastKnownFileType = file.xib; path = OverlayView.xib; sourceTree = "<group>"; };
		9DCB042410011E8200E7A984 /* Section.m */ = {isa = PBXFileReference; fileEncoding = 4; lastKnownFileType = sourcecode.c.objc; path = Section.m; sourceTree = "<group>"; };
		9DCB042510011E8200E7A984 /* Section.h */ = {isa = PBXFileReference; fileEncoding = 4; lastKnownFileType = sourcecode.c.h; path = Section.h; sourceTree = "<group>"; };
		9DE374CE0FF957D600D81384 /* Default.png */ = {isa = PBXFileReference; lastKnownFileType = image.png; path = Default.png; sourceTree = "<group>"; };
		9DE7891F1006CA5700610F85 /* SearchController.h */ = {isa = PBXFileReference; fileEncoding = 4; lastKnownFileType = sourcecode.c.h; path = SearchController.h; sourceTree = "<group>"; };
		9DE789201006CA5700610F85 /* SearchController.m */ = {isa = PBXFileReference; fileEncoding = 4; lastKnownFileType = sourcecode.c.objc; path = SearchController.m; sourceTree = "<group>"; };
		9DE967CC10028E3B00E4D8F3 /* Settings.bundle */ = {isa = PBXFileReference; lastKnownFileType = "wrapper.plug-in"; path = Settings.bundle; sourceTree = "<group>"; };
		9DE967DF100298DA00E4D8F3 /* Icon-Settings.png */ = {isa = PBXFileReference; lastKnownFileType = image.png; path = "Icon-Settings.png"; sourceTree = "<group>"; };
/* End PBXFileReference section */

/* Begin PBXFrameworksBuildPhase section */
		1D60588F0D05DD3D006BFB54 /* Frameworks */ = {
			isa = PBXFrameworksBuildPhase;
			buildActionMask = 2147483647;
			files = (
				1D60589F0D05DD5A006BFB54 /* Foundation.framework in Frameworks */,
				1DF5F4E00D08C38300B7A737 /* UIKit.framework in Frameworks */,
				2892E4100DC94CBA00A64D0F /* CoreGraphics.framework in Frameworks */,
				9D4CC6BB0FF285AB005A33D0 /* libsqlite3.dylib in Frameworks */,
			);
			runOnlyForDeploymentPostprocessing = 0;
		};
/* End PBXFrameworksBuildPhase section */

/* Begin PBXGroup section */
		080E96DDFE201D6D7F000001 /* Classes */ = {
			isa = PBXGroup;
			children = (
				9D7A6783100531A8000E36DE /* Controllers */,
				9D4CC6BE0FF285C7005A33D0 /* Models */,
				1D3623240D0F684500981E51 /* ManPagesAppDelegate.h */,
				1D3623250D0F684500981E51 /* ManPagesAppDelegate.m */,
			);
			path = Classes;
			sourceTree = "<group>";
		};
		19C28FACFE9D520D11CA2CBB /* Products */ = {
			isa = PBXGroup;
			children = (
				1D6058910D05DD3D006BFB54 /* ManPages.app */,
			);
			name = Products;
			sourceTree = "<group>";
		};
		29B97314FDCFA39411CA2CEA /* CustomTemplate */ = {
			isa = PBXGroup;
			children = (
				080E96DDFE201D6D7F000001 /* Classes */,
				29B97315FDCFA39411CA2CEA /* Other Sources */,
				29B97317FDCFA39411CA2CEA /* Resources */,
				29B97323FDCFA39411CA2CEA /* Frameworks */,
				19C28FACFE9D520D11CA2CBB /* Products */,
				9DE967CC10028E3B00E4D8F3 /* Settings.bundle */,
			);
			name = CustomTemplate;
			sourceTree = "<group>";
		};
		29B97315FDCFA39411CA2CEA /* Other Sources */ = {
			isa = PBXGroup;
			children = (
				28A0AAE50D9B0CCF005BE974 /* ManPages_Prefix.pch */,
				29B97316FDCFA39411CA2CEA /* main.m */,
			);
			name = "Other Sources";
			sourceTree = "<group>";
		};
		29B97317FDCFA39411CA2CEA /* Resources */ = {
			isa = PBXGroup;
			children = (
				9DE967DF100298DA00E4D8F3 /* Icon-Settings.png */,
				9DE374CE0FF957D600D81384 /* Default.png */,
				9D5A8C4A0FF2A878009DD8EB /* EntryView.xib */,
				9D5A8B790FF299EB009DD8EB /* EntriesView.xib */,
				9D5A8CC30FF2B7BD009DD8EB /* data.sqlite3 */,
				9D5A8C890FF2AF70009DD8EB /* icon.png */,
				2899E55F0DE3E45000AC0155 /* SectionView.xib */,
				28AD735F0D9D9599002E5188 /* MainWindow.xib */,
				8D1107310486CEB800E47090 /* ManPages-Info.plist */,
				9D995A8C1005233D007CFAA3 /* OverlayView.xib */,
			);
			name = Resources;
			sourceTree = "<group>";
		};
		29B97323FDCFA39411CA2CEA /* Frameworks */ = {
			isa = PBXGroup;
			children = (
				9D4CC6BA0FF285AB005A33D0 /* libsqlite3.dylib */,
				1DF5F4DF0D08C38300B7A737 /* UIKit.framework */,
				1D30AB110D05D00D00671497 /* Foundation.framework */,
				2892E40F0DC94CBA00A64D0F /* CoreGraphics.framework */,
			);
			name = Frameworks;
			sourceTree = "<group>";
		};
		9D4CC6BE0FF285C7005A33D0 /* Models */ = {
			isa = PBXGroup;
			children = (
				9DCB042510011E8200E7A984 /* Section.h */,
				9DCB042410011E8200E7A984 /* Section.m */,
				9D5A8B460FF2982D009DD8EB /* Entry.h */,
				9D5A8B470FF2982D009DD8EB /* Entry.m */,
				9D02AC200FFAA9790052CAF8 /* Database.h */,
				9D02AC210FFAA9790052CAF8 /* Database.m */,
				9D303CC110011058005A7829 /* BDO.h */,
				9D303CC210011058005A7829 /* BDO.m */,
				9D303CCA100110C9005A7829 /* DatabaseHelper.h */,
				9D303CCB100110C9005A7829 /* DatabaseHelper.m */,
				9D02AC0E0FFAA7B40052CAF8 /* ActiveRecord.h */,
			);
			name = Models;
			sourceTree = "<group>";
		};
		9D7A6783100531A8000E36DE /* Controllers */ = {
			isa = PBXGroup;
			children = (
				9D7A67751005319C000E36DE /* EntryController.h */,
				9D7A67731005319C000E36DE /* EntryController.m */,
				9D7A67781005319C000E36DE /* OverlayViewController.h */,
				9D7A67761005319C000E36DE /* OverlayViewController.m */,
				9D7A67791005319C000E36DE /* EntriesController.h */,
				9D7A67771005319C000E36DE /* EntriesController.m */,
				9D7A677C1005319C000E36DE /* SectionController.h */,
				9D7A677B1005319C000E36DE /* SectionController.m */,
				9DE7891F1006CA5700610F85 /* SearchController.h */,
				9DE789201006CA5700610F85 /* SearchController.m */,
			);
			name = Controllers;
			sourceTree = "<group>";
		};
/* End PBXGroup section */

/* Begin PBXNativeTarget section */
		1D6058900D05DD3D006BFB54 /* ManPages */ = {
			isa = PBXNativeTarget;
			buildConfigurationList = 1D6058960D05DD3E006BFB54 /* Build configuration list for PBXNativeTarget "ManPages" */;
			buildPhases = (
				1D60588D0D05DD3D006BFB54 /* Resources */,
				1D60588E0D05DD3D006BFB54 /* Sources */,
				1D60588F0D05DD3D006BFB54 /* Frameworks */,
			);
			buildRules = (
			);
			dependencies = (
			);
			name = ManPages;
			productName = ManPages;
			productReference = 1D6058910D05DD3D006BFB54 /* ManPages.app */;
			productType = "com.apple.product-type.application";
		};
/* End PBXNativeTarget section */

/* Begin PBXProject section */
		29B97313FDCFA39411CA2CEA /* Project object */ = {
			isa = PBXProject;
			buildConfigurationList = C01FCF4E08A954540054247B /* Build configuration list for PBXProject "ManPages" */;
			compatibilityVersion = "Xcode 3.1";
			hasScannedForEncodings = 1;
			knownRegions = (
				English,
				Japanese,
				French,
				German,
				en,
			);
			mainGroup = 29B97314FDCFA39411CA2CEA /* CustomTemplate */;
			projectDirPath = "";
			projectRoot = "";
			targets = (
				1D6058900D05DD3D006BFB54 /* ManPages */,
			);
		};
/* End PBXProject section */

/* Begin PBXResourcesBuildPhase section */
		1D60588D0D05DD3D006BFB54 /* Resources */ = {
			isa = PBXResourcesBuildPhase;
			buildActionMask = 2147483647;
			files = (
				28AD73600D9D9599002E5188 /* MainWindow.xib in Resources */,
				2899E5600DE3E45000AC0155 /* SectionView.xib in Resources */,
				9D5A8B7A0FF299EB009DD8EB /* EntriesView.xib in Resources */,
				9D5A8C4C0FF2A878009DD8EB /* EntryView.xib in Resources */,
				9D5A8C8A0FF2AF70009DD8EB /* icon.png in Resources */,
				9D5A8CC40FF2B7BD009DD8EB /* data.sqlite3 in Resources */,
				9DE374CF0FF957D600D81384 /* Default.png in Resources */,
				9DE967CD10028E3B00E4D8F3 /* Settings.bundle in Resources */,
				9DE967E0100298DA00E4D8F3 /* Icon-Settings.png in Resources */,
				9D995A8D1005233D007CFAA3 /* OverlayView.xib in Resources */,
			);
			runOnlyForDeploymentPostprocessing = 0;
		};
/* End PBXResourcesBuildPhase section */

/* Begin PBXSourcesBuildPhase section */
		1D60588E0D05DD3D006BFB54 /* Sources */ = {
			isa = PBXSourcesBuildPhase;
			buildActionMask = 2147483647;
			files = (
				1D60589B0D05DD56006BFB54 /* main.m in Sources */,
				1D3623260D0F684500981E51 /* ManPagesAppDelegate.m in Sources */,
				9D5A8B480FF2982D009DD8EB /* Entry.m in Sources */,
				9D02AC220FFAA9790052CAF8 /* Database.m in Sources */,
				9D303CC310011058005A7829 /* BDO.m in Sources */,
				9D303CCC100110C9005A7829 /* DatabaseHelper.m in Sources */,
				9D67FB4610011F1C00202F1F /* Section.m in Sources */,
				9D7A677D1005319C000E36DE /* EntryController.m in Sources */,
				9D7A677F1005319C000E36DE /* OverlayViewController.m in Sources */,
				9D7A67801005319C000E36DE /* EntriesController.m in Sources */,
				9D7A67811005319C000E36DE /* SectionController.m in Sources */,
				9DE789211006CA5700610F85 /* SearchController.m in Sources */,
			);
			runOnlyForDeploymentPostprocessing = 0;
		};
/* End PBXSourcesBuildPhase section */

/* Begin XCBuildConfiguration section */
		1D6058940D05DD3E006BFB54 /* Debug */ = {
			isa = XCBuildConfiguration;
			buildSettings = {
				ALWAYS_SEARCH_USER_PATHS = NO;
				COPY_PHASE_STRIP = NO;
				GCC_DYNAMIC_NO_PIC = NO;
				GCC_OPTIMIZATION_LEVEL = 0;
				GCC_PRECOMPILE_PREFIX_HEADER = YES;
				GCC_PREFIX_HEADER = ManPages_Prefix.pch;
				INFOPLIST_FILE = "ManPages-Info.plist";
				PRODUCT_NAME = ManPages;
			};
			name = Debug;
		};
		1D6058950D05DD3E006BFB54 /* Release */ = {
			isa = XCBuildConfiguration;
			buildSettings = {
				ALWAYS_SEARCH_USER_PATHS = NO;
				COPY_PHASE_STRIP = YES;
				GCC_PRECOMPILE_PREFIX_HEADER = YES;
				GCC_PREFIX_HEADER = ManPages_Prefix.pch;
				INFOPLIST_FILE = "ManPages-Info.plist";
				PRODUCT_NAME = ManPages;
			};
			name = Release;
		};
		C01FCF4F08A954540054247B /* Debug */ = {
			isa = XCBuildConfiguration;
			buildSettings = {
				ARCHS = "$(ARCHS_STANDARD_32_BIT)";
				"CODE_SIGN_IDENTITY[sdk=iphoneos*]" = "iPhone Developer: Richard Drake";
				GCC_C_LANGUAGE_STANDARD = c99;
				GCC_WARN_ABOUT_RETURN_TYPE = YES;
				GCC_WARN_UNUSED_VARIABLE = YES;
				PREBINDING = NO;
				SDKROOT = iphonesimulator3.0;
			};
			name = Debug;
		};
		C01FCF5008A954540054247B /* Release */ = {
			isa = XCBuildConfiguration;
			buildSettings = {
				ARCHS = "$(ARCHS_STANDARD_32_BIT)";
				"CODE_SIGN_IDENTITY[sdk=iphoneos*]" = "iPhone Developer";
				GCC_C_LANGUAGE_STANDARD = c99;
				GCC_WARN_ABOUT_RETURN_TYPE = YES;
				GCC_WARN_UNUSED_VARIABLE = YES;
				PREBINDING = NO;
				SDKROOT = iphoneos3.0;
			};
			name = Release;
		};
/* End XCBuildConfiguration section */

/* Begin XCConfigurationList section */
		1D6058960D05DD3E006BFB54 /* Build configuration list for PBXNativeTarget "ManPages" */ = {
			isa = XCConfigurationList;
			buildConfigurations = (
				1D6058940D05DD3E006BFB54 /* Debug */,
				1D6058950D05DD3E006BFB54 /* Release */,
			);
			defaultConfigurationIsVisible = 0;
			defaultConfigurationName = Release;
		};
		C01FCF4E08A954540054247B /* Build configuration list for PBXProject "ManPages" */ = {
			isa = XCConfigurationList;
			buildConfigurations = (
				C01FCF4F08A954540054247B /* Debug */,
				C01FCF5008A954540054247B /* Release */,
			);
			defaultConfigurationIsVisible = 0;
			defaultConfigurationName = Release;
		};
/* End XCConfigurationList section */
	};
	rootObject = 29B97313FDCFA39411CA2CEA /* Project object */;
}
